
Microsoft Visual Studio Solution File, Format Version 12.00
# Visual Studio Version 16
VisualStudioVersion = 16.0.29102.190
MinimumVisualStudioVersion = 10.0.40219.1
Project("{FAE04EC0-301F-11D3-BF4B-00C04F79EFBC}") = "AdminInvoices", "AdminInvoices\AdminInvoices.csproj", "{A3961CE2-1AB9-4038-8EBC-A2F388696D96}"
EndProject
Global
	GlobalSection(SolutionConfigurationPlatforms) = preSolution
		Debug|Any CPU = Debug|Any CPU
		Release|Any CPU = Release|Any CPU
	EndGlobalSection
	GlobalSection(ProjectConfigurationPlatforms) = postSolution
		{A3961CE2-1AB9-4038-8EBC-A2F388696D96}.Debug|Any CPU.ActiveCfg = Debug|Any CPU
		{A3961CE2-1AB9-4038-8EBC-A2F388696D96}.Debug|Any CPU.Build.0 = Debug|Any CPU
		{A3961CE2-1AB9-4038-8EBC-A2F388696D96}.Release|Any CPU.ActiveCfg = Release|Any CPU
		{A3961CE2-1AB9-4038-8EBC-A2F388696D96}.Release|Any CPU.Build.0 = Release|Any CPU
	EndGlobalSection
	GlobalSection(SolutionProperties) = preSolution
		HideSolutionNode = FALSE
	EndGlobalSection
	GlobalSection(ExtensibilityGlobals) = postSolution
		SolutionGuid = {3F9C804D-DF6E-4B4D-87E1-ECE2A3A690A0}
	EndGlobalSection
EndGlobal
